
Microsoft Visual Studio Solution File, Format Version 12.00
# Visual Studio 14
VisualStudioVersion = 14.0.25123.0
MinimumVisualStudioVersion = 10.0.40219.1
Project("{ED4E3C7C-EF27-4320-BF96-EB8F87729D9B}") = "Sitecore.Support.305902", "Sitecore.Support.305902\Sitecore.Support.305902.csproj", "{2CEF1A84-652D-409B-B704-40C1A90B6F5E}"
EndProject
Global
	GlobalSection(SolutionConfigurationPlatforms) = preSolution
		Debug|Any CPU = Debug|Any CPU
		Release|Any CPU = Release|Any CPU
	EndGlobalSection
	GlobalSection(ProjectConfigurationPlatforms) = postSolution
		{2CEF1A84-652D-409B-B704-40C1A90B6F5E}.Debug|Any CPU.ActiveCfg = Debug|Any CPU
		{2CEF1A84-652D-409B-B704-40C1A90B6F5E}.Debug|Any CPU.Build.0 = Debug|Any CPU
		{2CEF1A84-652D-409B-B704-40C1A90B6F5E}.Release|Any CPU.ActiveCfg = Release|Any CPU
		{2CEF1A84-652D-409B-B704-40C1A90B6F5E}.Release|Any CPU.Build.0 = Release|Any CPU
	EndGlobalSection
	GlobalSection(SolutionProperties) = preSolution
		HideSolutionNode = FALSE
	EndGlobalSection
EndGlobal
